{
  "name": "testing",
  "version": "1.0.0",
  "lockfileVersion": 3,
  "requires": true,
  "packages": {
    "": {
      "name": "testing",
      "version": "1.0.0",
      "license": "ISC",
      "dependencies": {
        "semaphore-rs-js": "^0.3.1"
      }
    },
    "node_modules/semaphore-rs-js": {
      "version": "0.3.1",
      "resolved": "https://registry.npmjs.org/semaphore-rs-js/-/semaphore-rs-js-0.3.1.tgz",
      "integrity": "sha512-DcBoojtdrXnH8yKwltc3PsT1zv32rRlPFsdy4ioQyZYrO993wa4xD+YMbKNjwenT1CFymNgwKeAwHhis73otHg==",
      "license": "MIT"
    }
  }
}
